# This file is automatically @generated by Cargo.
# It is not intended for manual editing.
version = 4

[[package]]
name = "adler2"
version = "2.0.1"
source = "registry+https://github.com/rust-lang/crates.io-index"
checksum = "320119579fcad9c21884f5c4861d16174d0e06250625266f50fe6898340abefa"

[[package]]
name = "autocfg"
version = "1.5.1"
source = "registry+https://github.com/rust-lang/crates.io-index"
checksum = "f2032f911046de80f0a198e0901378627c33f59ea0ac00e363d481118bd70a53"

[[package]]
name = "bit-set"
version = "0.8.0"
source = "registry+https://github.com/rust-lang/crates.io-index"
checksum = "08807e080ed7f9d5433fa9b275196cfc35414f66a0c79d864dc51a0d825231a3"
dependencies = [
 "bit-vec",
]

[[package]]
name = "bit-vec"
version = "0.8.0"
source = "registry+https://github.com/rust-lang/crates.io-index"
checksum = "5e764a1d40d510daf35e07be9eb06e75770908c27d411ee6c92109c9840eaaf7"

[[package]]
name = "bitflags"
version = "2.13.2"
source = "registry+https://github.com/rust-lang/crates.io-index"
checksum = "3ded4057c258ba199e2d26386d3af3780957ecaee6c4ef4041c6b4b8b97c0b06"

[[package]]
name = "block-buffer"
version = "0.10.4"
source = "registry+https://github.com/rust-lang/crates.io-index"
checksum = "3078c7629b62d3f0439517fa394996acacc5cbc91c5a20d8c658e77abd503a71"
dependencies = [
 "generic-array",
]

[[package]]
name = "bumpalo"
version = "3.20.3"
source = "registry+https://github.com/rust-lang/crates.io-index"
checksum = "72f5acc6cb2ba439de613abc23857ec3d78374d8ed5ac84e9d11336e87da8649"

[[package]]
name = "bytemuck"
version = "1.25.2"
source = "registry+https://github.com/rust-lang/crates.io-index"
checksum = "95832e849adfb21180ccb6826a99da14e5d266ae5c2e668e1602cf234f153797"
dependencies = [
 "bytemuck_derive",
]

[[package]]
name = "bytemuck_derive"
version = "1.12.1"
source = "registry+https://github.com/rust-lang/crates.io-index"
checksum = "6a1f896587b6f2c069c73d2f0913e2d590c3990285cd2f0b6aa02b786b4c679c"
dependencies = [
 "proc-macro2",
 "quote",
 "syn 3.0.6",
]

[[package]]
name = "cc"
version = "1.5.1"
source = "registry+https://github.com/rust-lang/crates.io-index"
checksum = "f360145194ee8e21db5ee7f3fcd4fe52210864c75c985dae33218202c8bbe040"
dependencies = [
 "find-msvc-tools",
 "shlex",
]

[[package]]
name = "cfg-if"
version = "1.0.5"
source = "registry+https://github.com/rust-lang/crates.io-index"
checksum = "4e7648175b45a9a48536d676f68d918270699102aa8dab5496df06904c914600"

[[package]]
name = "core_maths"
version = "0.1.1"
source = "registry+https://github.com/rust-lang/crates.io-index"
checksum = "77745e017f5edba1a9c1d854f6f3a52dac8a12dd5af5d2f54aecf61e43d80d30"
dependencies = [
 "libm",
]

[[package]]
name = "cpufeatures"
version = "0.2.17"
source = "registry+https://github.com/rust-lang/crates.io-index"
checksum = "59ed5838eebb26a2bb2e58f6d5b5316989ae9d08bab10e0e6d103e656d1b0280"
dependencies = [
 "libc",
]

[[package]]
name = "crc32fast"
version = "1.5.2"
source = "registry+https://github.com/rust-lang/crates.io-index"
checksum = "01a7799fd6b852db0e61728dde9a204c423b44d689dbd432522543614b490e78"
dependencies = [
 "cfg-if",
]

[[package]]
name = "crypto-common"
version = "0.1.7"
source = "registry+https://github.com/rust-lang/crates.io-index"
checksum = "78c8292055d1c1df0cce5d180393dc8cce0abec0a7102adb6c7b1eef6016d60a"
dependencies = [
 "generic-array",
 "typenum",
]

[[package]]
name = "digest"
version = "0.10.7"
source = "registry+https://github.com/rust-lang/crates.io-index"
checksum = "9ed9a281f7bc9b7576e61468ba615a66a5c8cfdff42420a70aa82701a3b1e292"
dependencies = [
 "block-buffer",
 "crypto-common",
]

[[package]]
name = "dyn-clone"
version = "1.0.20"
source = "registry+https://github.com/rust-lang/crates.io-index"
checksum = "d0881ea181b1df73ff77ffaaf9c7544ecc11e82fba9b5f27b262a3c73a332555"

[[package]]
name = "errno"
version = "0.3.14"
source = "registry+https://github.com/rust-lang/crates.io-index"
checksum = "39cab71617ae0d63f51a36d69f866391735b51691dbda63cf6f96d042b63efeb"
dependencies = [
 "libc",
 "windows-sys",
]

[[package]]
name = "fallible-iterator"
version = "0.3.0"
source = "registry+https://github.com/rust-lang/crates.io-index"
checksum = "2acce4a10f12dc2fb14a218589d4f1f62ef011b2d0cc4b3cb1bba8e94da14649"

[[package]]
name = "fallible-streaming-iterator"
version = "0.1.9"
source = "registry+https://github.com/rust-lang/crates.io-index"
checksum = "7360491ce676a36bf9bb3c56c1aa791658183a54d2744120f27285738d90465a"

[[package]]
name = "fastrand"
version = "2.5.0"
source = "registry+https://github.com/rust-lang/crates.io-index"
checksum = "da7c62ceae207dd37ea5b845da6a0696c799f85e97da1ab5b7910be3c1c80223"

[[package]]
name = "find-msvc-tools"
version = "0.1.14"
source = "registry+https://github.com/rust-lang/crates.io-index"
checksum = "aedcfb3409746eddb02b9e19ebda1c3394f759a152e48ee875a0844d1b955484"

[[package]]
name = "flate2"
version = "1.1.9"
source = "registry+https://github.com/rust-lang/crates.io-index"
checksum = "843fba2746e448b37e26a819579957415c8cef339bf08564fe8b7ddbd959573c"
dependencies = [
 "crc32fast",
 "miniz_oxide",
]

[[package]]
name = "fnv"
version = "1.0.7"
source = "registry+https://github.com/rust-lang/crates.io-index"
checksum = "3f9eec918d3f24069decb9af1554cad7c880e2da24a9afd88aca000531ab82c1"

[[package]]
name = "font-types"
version = "0.12.5"
source = "registry+https://github.com/rust-lang/crates.io-index"
checksum = "b8eb065f3251655b3c90e22e5e363f310fc5332fb3402e37bbc94752283248f6"
dependencies = [
 "bytemuck",
]

[[package]]
name = "generic-array"
version = "0.14.7"
source = "registry+https://github.com/rust-lang/crates.io-index"
checksum = "85649ca51fd72272d7821adaf274ad91c288277713d9c18820d8499a7ff69e9a"
dependencies = [
 "typenum",
 "version_check",
]

[[package]]
name = "getrandom"
version = "0.3.4"
source = "registry+https://github.com/rust-lang/crates.io-index"
checksum = "899def5c37c4fd7b2664648c28120ecec138e4d395b459e5ca34f9cce2dd77fd"
dependencies = [
 "cfg-if",
 "libc",
 "r-efi 5.3.0",
 "wasip2",
]

[[package]]
name = "getrandom"
version = "0.4.3"
source = "registry+https://github.com/rust-lang/crates.io-index"
checksum = "300e883d756b2e4ec94e02791f39b04b522276138852cfc41d9fb7e904106099"
dependencies = [
 "cfg-if",
 "libc",
 "r-efi 6.0.0",
]

[[package]]
name = "itoa"
version = "1.0.18"
source = "registry+https://github.com/rust-lang/crates.io-index"
checksum = "8f42a60cbdf9a97f5d2305f08a87dc4e09308d1276d28c869c684d7777685682"

[[package]]
name = "libc"
version = "0.2.189"
source = "registry+https://github.com/rust-lang/crates.io-index"
checksum = "3eaf3ede3fee6db1a4c2ee091bf8a8b4dccdc6d17f656fb07896ee72867612f2"

[[package]]
name = "libm"
version = "0.2.16"
source = "registry+https://github.com/rust-lang/crates.io-index"
checksum = "b6d2cec3eae94f9f509c767b45932f1ada8350c4bdb85af2fcab4a3c14807981"

[[package]]
name = "libsqlite3-sys"
version = "0.38.2"
source = "registry+https://github.com/rust-lang/crates.io-index"
checksum = "f1d20bef17f513b9b3004532233187769cd072d790971f4e4da0e346eb6401e8"
dependencies = [
 "cc",
 "pkg-config",
 "vcpkg",
]

[[package]]
name = "linux-raw-sys"
version = "0.12.1"
source = "registry+https://github.com/rust-lang/crates.io-index"
checksum = "32a66949e030da00e8c7d4434b251670a91556f4144941d37452769c25d58a53"

[[package]]
name = "memchr"
version = "2.8.3"
source = "registry+https://github.com/rust-lang/crates.io-index"
checksum = "cf8baf1c55e62ffcace7a9f06f4bd9cd3f0c4beb022d3b367256b91b87513d98"

[[package]]
name = "miniz_oxide"
version = "0.8.9"
source = "registry+https://github.com/rust-lang/crates.io-index"
checksum = "1fa76a2c86f704bdb222d66965fb3d63269ce38518b83cb0575fca855ebb6316"
dependencies = [
 "adler2",
 "simd-adler32",
]

[[package]]
name = "mo-cli"
version = "0.1.0"
dependencies = [
 "mo-common",
 "mo-embedded-sdk",
 "mo-kernel-api",
 "mo-native-compute",
 "mo-native-io",
 "mo-native-worker",
 "mo-opc",
 "mo-raster",
 "rawzip",
 "serde",
 "serde_json",
 "sha2",
]

[[package]]
name = "mo-color"
version = "0.1.0"
dependencies = [
 "libm",
 "thiserror",
]

[[package]]
name = "mo-common"
version = "0.1.0"
dependencies = [
 "proptest",
 "schemars",
 "serde",
 "serde_json",
 "sha2",
 "thiserror",
]

[[package]]
name = "mo-contract-codegen"
version = "0.1.0"
dependencies = [
 "mo-common",
 "mo-kernel-api",
 "mo-operation-service",
 "mo-presentation-delivery",
 "mo-presentation-edit",
 "mo-presentation-model",
 "mo-presentation-operations",
 "schemars",
 "serde_json",
]

[[package]]
name = "mo-embedded-sdk"
version = "0.1.0"
dependencies = [
 "mo-common",
 "mo-native-export",
 "mo-native-io",
 "mo-opc",
 "mo-presentation-delivery",
 "mo-presentation-edit",
 "mo-presentation-model",
 "mo-presentation-operations",
 "serde_json",
 "sha2",
]

[[package]]
name = "mo-export-worker"
version = "0.1.0"
dependencies = [
 "mo-common",
 "mo-embedded-sdk",
 "mo-harfbuzz-sys",
 "mo-kernel-api",
 "mo-native-export",
 "mo-native-io",
 "mo-opc",
 "mo-pptx",
 "mo-presentation-compile",
 "mo-presentation-delivery",
 "mo-presentation-edit",
 "mo-presentation-operations",
 "mo-skia-sys",
 "mo-text",
 "serde_json",
 "sha2",
]

[[package]]
name = "mo-font"
version = "0.1.0"
dependencies = [
 "mo-common",
 "mo-unicode",
 "read-fonts",
 "schemars",
 "serde",
 "sha2",
 "thiserror",
]

[[package]]
name = "mo-geometry"
version = "0.1.0"
dependencies = [
 "mo-common",
 "num-bigint",
 "schemars",
 "serde",
 "serde_json",
 "thiserror",
]

[[package]]
name = "mo-harfbuzz-sys"
version = "0.1.0"
dependencies = [
 "mo-common",
 "mo-geometry",
 "mo-image",
 "mo-opc",
 "mo-pptx",
 "mo-presentation-compile",
 "mo-raster",
 "mo-skia-sys",
 "mo-text",
 "serde_json",
 "sha2",
]

[[package]]
name = "mo-host"
version = "0.1.0"
dependencies = [
 "mo-common",
 "mo-native-render",
 "mo-opc",
 "mo-operation-service",
 "mo-standard-host",
 "serde",
 "serde_json",
 "sha2",
]

[[package]]
name = "mo-host-compat-wasm"
version = "0.1.0"
dependencies = [
 "mo-operation-service",
 "wasm-bindgen",
]

[[package]]
name = "mo-image"
version = "0.1.0"
dependencies = [
 "crc32fast",
 "flate2",
 "mo-common",
 "schemars",
 "serde",
 "sha2",
 "thiserror",
]

[[package]]
name = "mo-kernel-api"
version = "0.1.0"
dependencies = [
 "mo-common",
 "mo-font",
 "mo-geometry",
 "mo-image",
 "mo-opc",
 "mo-pptx",
 "mo-presentation-compile",
 "mo-presentation-delivery",
 "mo-presentation-edit",
 "mo-presentation-model",
 "mo-raster",
 "mo-render",
 "mo-text",
 "mo-timeline",
 "mo-unicode",
 "mo-xml",
 "schemars",
 "serde",
 "serde_json",
]

[[package]]
name = "mo-native-compute"
version = "0.1.0"
dependencies = [
 "mo-embedded-sdk",
 "rawzip",
 "rustix",
 "schemars",
 "serde",
 "serde_json",
 "sha2",
]

[[package]]
name = "mo-native-export"
version = "0.1.0"
dependencies = [
 "mo-common",
 "mo-native-io",
 "mo-native-worker",
 "mo-opc",
 "mo-presentation-delivery",
 "mo-presentation-edit",
 "mo-presentation-operations",
 "serde",
 "serde_json",
 "sha2",
]

[[package]]
name = "mo-native-io"
version = "0.1.0"
dependencies = [
 "mo-common",
 "mo-kernel-api",
 "mo-opc",
 "mo-pptx",
 "rawzip",
 "rustix",
 "sha2",
]

[[package]]
name = "mo-native-render"
version = "0.1.0"
dependencies = [
 "mo-common",
 "mo-native-io",
 "mo-native-worker",
 "mo-opc",
 "mo-pptx",
 "mo-presentation-compile",
 "mo-presentation-delivery",
 "mo-presentation-edit",
 "mo-presentation-model",
 "mo-raster",
 "serde",
 "serde_json",
 "sha2",
]

[[package]]
name = "mo-native-worker"
version = "0.1.0"

[[package]]
name = "mo-opc"
version = "0.1.0"
dependencies = [
 "flate2",
 "mo-common",
 "mo-xml",
 "rawzip",
 "sha2",
 "thiserror",
]

[[package]]
name = "mo-operation-service"
version = "0.1.0"
dependencies = [
 "mo-common",
 "mo-image",
 "mo-opc",
 "mo-pptx",
 "mo-presentation-delivery",
 "mo-presentation-edit",
 "mo-presentation-model",
 "mo-presentation-operations",
 "mo-xml",
 "schemars",
 "serde",
 "serde_json",
 "sha2",
 "thiserror",
]

[[package]]
name = "mo-pptx"
version = "0.1.0"
dependencies = [
 "mo-common",
 "mo-opc",
 "mo-presentation-edit",
 "mo-presentation-model",
 "mo-presentation-source",
 "mo-timeline",
 "mo-xml",
 "schemars",
 "serde",
 "serde_json",
]

[[package]]
name = "mo-presentation-compile"
version = "0.1.0"
dependencies = [
 "mo-common",
 "mo-geometry",
 "mo-image",
 "mo-opc",
 "mo-pptx",
 "mo-presentation-model",
 "mo-presentation-source",
 "mo-raster",
 "mo-render",
 "mo-text",
 "mo-timeline",
 "mo-unicode",
 "num-bigint",
 "schemars",
 "serde",
 "serde_json",
 "sha2",
 "thiserror",
]

[[package]]
name = "mo-presentation-delivery"
version = "0.1.0"
dependencies = [
 "crc32fast",
 "flate2",
 "mo-common",
 "mo-geometry",
 "mo-image",
 "mo-opc",
 "mo-pptx",
 "mo-presentation-compile",
 "mo-presentation-edit",
 "mo-presentation-model",
 "mo-raster",
 "mo-render",
 "mo-text",
 "schemars",
 "serde",
 "serde_json",
 "sha2",
 "thiserror",
]

[[package]]
name = "mo-presentation-edit"
version = "0.1.0"
dependencies = [
 "mo-common",
 "mo-presentation-model",
 "mo-timeline",
 "schemars",
 "serde",
 "serde_json",
 "thiserror",
]

[[package]]
name = "mo-presentation-model"
version = "0.1.0"
dependencies = [
 "mo-common",
 "mo-timeline",
 "proptest",
 "schemars",
 "serde",
 "serde_json",
]

[[package]]
name = "mo-presentation-operations"
version = "0.1.0"
dependencies = [
 "mo-common",
 "mo-image",
 "mo-opc",
 "mo-pptx",
 "mo-presentation-delivery",
 "mo-presentation-edit",
 "mo-presentation-model",
 "mo-xml",
 "schemars",
 "serde",
 "serde_json",
 "sha2",
 "thiserror",
]

[[package]]
name = "mo-presentation-source"
version = "0.1.0"
dependencies = [
 "libm",
 "mo-color",
 "mo-common",
 "mo-opc",
 "mo-presentation-model",
 "mo-timeline",
 "mo-xml",
 "schemars",
 "serde",
 "serde_json",
 "sha2",
 "thiserror",
]

[[package]]
name = "mo-raster"
version = "0.1.0"
dependencies = [
 "mo-common",
 "mo-geometry",
 "schemars",
 "serde",
 "serde_json",
 "sha2",
 "thiserror",
]

[[package]]
name = "mo-raster-worker"
version = "0.1.0"
dependencies = [
 "mo-common",
 "mo-harfbuzz-sys",
 "mo-image",
 "mo-kernel-api",
 "mo-raster",
 "mo-skia-sys",
 "serde_json",
]

[[package]]
name = "mo-render"
version = "0.1.0"
dependencies = [
 "mo-common",
 "mo-geometry",
 "mo-raster",
 "schemars",
 "serde",
 "sha2",
]

[[package]]
name = "mo-skia-sys"
version = "0.1.0"
dependencies = [
 "mo-common",
 "mo-image",
 "mo-opc",
 "mo-pptx",
 "mo-presentation-compile",
 "mo-raster",
 "serde",
 "serde_json",
 "sha2",
]

[[package]]
name = "mo-standard-host"
version = "0.1.0"
dependencies = [
 "mo-common",
 "mo-native-io",
 "mo-native-render",
 "mo-opc",
 "mo-operation-service",
 "mo-pptx",
 "mo-presentation-compile",
 "mo-presentation-delivery",
 "mo-presentation-edit",
 "mo-presentation-model",
 "rusqlite",
 "serde",
 "serde_json",
 "sha2",
 "thiserror",
]

[[package]]
name = "mo-text"
version = "0.1.0"
dependencies = [
 "mo-common",
 "mo-font",
 "mo-geometry",
 "mo-unicode",
 "schemars",
 "serde",
 "serde_json",
 "sha2",
 "thiserror",
]

[[package]]
name = "mo-text-worker"
version = "0.1.0"
dependencies = [
 "mo-harfbuzz-sys",
 "mo-kernel-api",
]

[[package]]
name = "mo-timeline"
version = "0.1.0"
dependencies = [
 "mo-common",
 "num-bigint",
 "schemars",
 "serde",
 "serde_json",
 "thiserror",
]

[[package]]
name = "mo-unicode"
version = "0.1.0"
dependencies = [
 "schemars",
 "serde",
 "thiserror",
 "unicode-bidi",
]

[[package]]
name = "mo-wasm"
version = "0.1.0"
dependencies = [
 "mo-image",
 "mo-kernel-api",
 "mo-presentation-operations",
 "mo-raster",
 "mo-text",
 "wasm-bindgen",
]

[[package]]
name = "mo-xml"
version = "0.1.0"
dependencies = [
 "quick-xml",
 "thiserror",
]

[[package]]
name = "num-bigint"
version = "0.4.8"
source = "registry+https://github.com/rust-lang/crates.io-index"
checksum = "c89e69e7e0f03bea5ef08013795c25018e101932225a656383bd384495ecc367"
dependencies = [
 "num-integer",
 "num-traits",
]

[[package]]
name = "num-integer"
version = "0.1.47"
source = "registry+https://github.com/rust-lang/crates.io-index"
checksum = "7ce2d95d4b3734dc35aa2f45e1aa22cd416814592a4f9d9205e11affd5b8e10b"
dependencies = [
 "num-traits",
]

[[package]]
name = "num-traits"
version = "0.2.19"
source = "registry+https://github.com/rust-lang/crates.io-index"
checksum = "071dfc062690e90b734c0b2273ce72ad0ffa95f0c74596bc250dcfd960262841"
dependencies = [
 "autocfg",
]

[[package]]
name = "once_cell"
version = "1.21.4"
source = "registry+https://github.com/rust-lang/crates.io-index"
checksum = "9f7c3e4beb33f85d45ae3e3a1792185706c8e16d043238c593331cc7cd313b50"

[[package]]
name = "pkg-config"
version = "0.3.34"
source = "registry+https://github.com/rust-lang/crates.io-index"
checksum = "f6b464fbc74e149a392436b17d523f769e057cb6877f6a5c4618bc6f11800548"

[[package]]
name = "ppv-lite86"
version = "0.2.21"
source = "registry+https://github.com/rust-lang/crates.io-index"
checksum = "85eae3c4ed2f50dcfe72643da4befc30deadb458a9b590d720cde2f2b1e97da9"
dependencies = [
 "zerocopy",
]

[[package]]
name = "proc-macro2"
version = "1.0.107"
source = "registry+https://github.com/rust-lang/crates.io-index"
checksum = "985e7ec9bb745e6ce6535b544d84d6cd6f7ad8bd711c398938ae983b91a766d9"
dependencies = [
 "unicode-ident",
]

[[package]]
name = "proptest"
version = "1.11.0"
source = "registry+https://github.com/rust-lang/crates.io-index"
checksum = "4b45fcc2344c680f5025fe57779faef368840d0bd1f42f216291f0dc4ace4744"
dependencies = [
 "bit-set",
 "bit-vec",
 "bitflags",
 "num-traits",
 "rand",
 "rand_chacha",
 "rand_xorshift",
 "regex-syntax",
 "rusty-fork",
 "tempfile",
 "unarray",
]

[[package]]
name = "quick-error"
version = "1.2.3"
source = "registry+https://github.com/rust-lang/crates.io-index"
checksum = "a1d01941d82fa2ab50be1e79e6714289dd7cde78eba4c074bc5a4374f650dfe0"

[[package]]
name = "quick-xml"
version = "0.42.0"
source = "registry+https://github.com/rust-lang/crates.io-index"
checksum = "41b1177fdf999d2321d3fb46ff47159d9c1fb9ad66a4879f8c50a0b504615e9b"
dependencies = [
 "memchr",
]

[[package]]
name = "quote"
version = "1.0.47"
source = "registry+https://github.com/rust-lang/crates.io-index"
checksum = "1fbf4db142a473a8d80c26bbf18454ed458bf8d26c8219c331daecfdbd079001"
dependencies = [
 "proc-macro2",
]

[[package]]
name = "r-efi"
version = "5.3.0"
source = "registry+https://github.com/rust-lang/crates.io-index"
checksum = "69cdb34c158ceb288df11e18b4bd39de994f6657d83847bdffdbd7f346754b0f"

[[package]]
name = "r-efi"
version = "6.0.0"
source = "registry+https://github.com/rust-lang/crates.io-index"
checksum = "f8dcc9c7d52a811697d2151c701e0d08956f92b0e24136cf4cf27b57a6a0d9bf"

[[package]]
name = "rand"
version = "0.9.5"
source = "registry+https://github.com/rust-lang/crates.io-index"
checksum = "b9ef1d0d795eb7d84685bca4f72f3649f064e6641543d3a8c415898726a57b41"
dependencies = [
 "rand_chacha",
 "rand_core",
]

[[package]]
name = "rand_chacha"
version = "0.9.0"
source = "registry+https://github.com/rust-lang/crates.io-index"
checksum = "d3022b5f1df60f26e1ffddd6c66e8aa15de382ae63b3a0c1bfc0e4d3e3f325cb"
dependencies = [
 "ppv-lite86",
 "rand_core",
]

[[package]]
name = "rand_core"
version = "0.9.5"
source = "registry+https://github.com/rust-lang/crates.io-index"
checksum = "76afc826de14238e6e8c374ddcc1fa19e374fd8dd986b0d2af0d02377261d83c"
dependencies = [
 "getrandom 0.3.4",
]

[[package]]
name = "rand_xorshift"
version = "0.4.0"
source = "registry+https://github.com/rust-lang/crates.io-index"
checksum = "513962919efc330f829edb2535844d1b912b0fbe2ca165d613e4e8788bb05a5a"
dependencies = [
 "rand_core",
]

[[package]]
name = "rawzip"
version = "0.5.1"
source = "registry+https://github.com/rust-lang/crates.io-index"
checksum = "75a2b2577f5fd7e26caabd4aa7bba1ef18653ff32204eea251c1136db1a549f3"

[[package]]
name = "read-fonts"
version = "0.43.3"
source = "registry+https://github.com/rust-lang/crates.io-index"
checksum = "005c8acf251756c478b0bf402885bfd88a1476020c4c7e6060edc1aa68da38ea"
dependencies = [
 "bytemuck",
 "core_maths",
 "font-types",
 "once_cell",
]

[[package]]
name = "ref-cast"
version = "1.0.27"
source = "registry+https://github.com/rust-lang/crates.io-index"
checksum = "7e440fb4e4b4147295338efb76001ab9e4efc0e5839df2c47fc5ac2381d365c3"
dependencies = [
 "ref-cast-impl",
]

[[package]]
name = "ref-cast-impl"
version = "1.0.27"
source = "registry+https://github.com/rust-lang/crates.io-index"
checksum = "92ecd8964f8453721699a1ed72037b0db49ce2f5a5138486ee89bed6f67cdf3a"
dependencies = [
 "proc-macro2",
 "quote",
 "syn 3.0.6",
]

[[package]]
name = "regex-syntax"
version = "0.8.11"
source = "registry+https://github.com/rust-lang/crates.io-index"
checksum = "d6f6ff9a378485b298a5286656da665ba74413d36db0979633275d2e708145d4"

[[package]]
name = "rusqlite"
version = "0.40.2"
source = "registry+https://github.com/rust-lang/crates.io-index"
checksum = "23f2a97da3e3873c73cb2a2e71b35c40ff95e0b1eefa8d72d8499a6928c3b5b3"
dependencies = [
 "bitflags",
 "fallible-iterator",
 "fallible-streaming-iterator",
 "libsqlite3-sys",
 "smallvec",
]

[[package]]
name = "rustix"
version = "1.1.5"
source = "registry+https://github.com/rust-lang/crates.io-index"
checksum = "891efababe418670775f199f0d233d84843c227a0949a883ce15b37c78d6629d"
dependencies = [
 "bitflags",
 "errno",
 "libc",
 "linux-raw-sys",
 "windows-sys",
]

[[package]]
name = "rustversion"
version = "1.0.23"
source = "registry+https://github.com/rust-lang/crates.io-index"
checksum = "cf54715a573b99ac80df0bc206da022bcd442c974952c7b9720069370852e21f"

[[package]]
name = "rusty-fork"
version = "0.3.1"
source = "registry+https://github.com/rust-lang/crates.io-index"
checksum = "cc6bf79ff24e648f6da1f8d1f011e9cac26491b619e6b9280f2b47f1774e6ee2"
dependencies = [
 "fnv",
 "quick-error",
 "tempfile",
 "wait-timeout",
]

[[package]]
name = "schemars"
version = "1.2.2"
source = "registry+https://github.com/rust-lang/crates.io-index"
checksum = "687274d293b6cdc6e73e0fee520bf2049650090d7164f87672d212a3c530cf4a"
dependencies = [
 "dyn-clone",
 "ref-cast",
 "schemars_derive",
 "serde",
 "serde_json",
]

[[package]]
name = "schemars_derive"
version = "1.2.2"
source = "registry+https://github.com/rust-lang/crates.io-index"
checksum = "d98c67716b46af2f0b8cf752abc930f6f9aecfbf671ecfb531db8a31dbe4e2ba"
dependencies = [
 "proc-macro2",
 "quote",
 "serde_derive_internals",
 "syn 3.0.6",
]

[[package]]
name = "serde"
version = "1.0.229"
source = "registry+https://github.com/rust-lang/crates.io-index"
checksum = "4148590afebada386688f18773da617792bf2ef03ffc1e4cbd2b1d45b023e0ba"
dependencies = [
 "serde_core",
 "serde_derive",
]

[[package]]
name = "serde_core"
version = "1.0.229"
source = "registry+https://github.com/rust-lang/crates.io-index"
checksum = "67dca2c9c51e58a4791a4b1ed58308b39c64224d349a935ab5039aa360942a48"
dependencies = [
 "serde_derive",
]

[[package]]
name = "serde_derive"
version = "1.0.229"
source = "registry+https://github.com/rust-lang/crates.io-index"
checksum = "e7a5d71263a5a7d47b41f6b3f06ba276f10cc18b0931f1799f710578e2309348"
dependencies = [
 "proc-macro2",
 "quote",
 "syn 3.0.6",
]

[[package]]
name = "serde_derive_internals"
version = "0.30.0"
source = "registry+https://github.com/rust-lang/crates.io-index"
checksum = "f852137cce035d6a4df67ccce505ff6b3e9fd3a10e3e52b24dc71e650bb1a9bd"
dependencies = [
 "proc-macro2",
 "quote",
 "syn 3.0.6",
]

[[package]]
name = "serde_json"
version = "1.0.151"
source = "registry+https://github.com/rust-lang/crates.io-index"
checksum = "c841b55ecdae098c80dcae9cf767f6f8a0c2cdb3416bbef72181df4d0fe73f14"
dependencies = [
 "itoa",
 "memchr",
 "serde",
 "serde_core",
 "zmij",
]

[[package]]
name = "sha2"
version = "0.10.9"
source = "registry+https://github.com/rust-lang/crates.io-index"
checksum = "a7507d819769d01a365ab707794a4084392c824f54a7a6a7862f8c3d0892b283"
dependencies = [
 "cfg-if",
 "cpufeatures",
 "digest",
]

[[package]]
name = "shlex"
version = "2.0.1"
source = "registry+https://github.com/rust-lang/crates.io-index"
checksum = "f8fadd59c855ef2080decdef8ff161eb6661b86933c9d82e5ba29dc602a55aba"

[[package]]
name = "simd-adler32"
version = "0.3.10"
source = "registry+https://github.com/rust-lang/crates.io-index"
checksum = "3a219298ac11a56ea9a6d2120044824d6f01aeb034955e7af7bc16858527deea"

[[package]]
name = "smallvec"
version = "1.16.2"
source = "registry+https://github.com/rust-lang/crates.io-index"
checksum = "f9395f0f0eee849a9b707b2f06bb92a6a422090e2123bb2ef8e87a0e61892a8e"

[[package]]
name = "syn"
version = "2.0.119"
source = "registry+https://github.com/rust-lang/crates.io-index"
checksum = "872831b642d1a07999a962a351ed35b955ea2cfc8f3862091e2a240a84f17297"
dependencies = [
 "proc-macro2",
 "quote",
 "unicode-ident",
]

[[package]]
name = "syn"
version = "3.0.6"
source = "registry+https://github.com/rust-lang/crates.io-index"
checksum = "8593e8e72159ed2257d083c7a454a85cbf854f37a0966d8d483aff8c8a3ebcee"
dependencies = [
 "proc-macro2",
 "quote",
 "unicode-ident",
]

[[package]]
name = "tempfile"
version = "3.27.0"
source = "registry+https://github.com/rust-lang/crates.io-index"
checksum = "32497e9a4c7b38532efcdebeef879707aa9f794296a4f0244f6f69e9bc8574bd"
dependencies = [
 "fastrand",
 "getrandom 0.4.3",
 "once_cell",
 "rustix",
 "windows-sys",
]

[[package]]
name = "thiserror"
version = "2.0.20"
source = "registry+https://github.com/rust-lang/crates.io-index"
checksum = "ec86235f5fcc2a73650310756d2ac5b138a5780bbbdfae3eeccec992c435ba4f"
dependencies = [
 "thiserror-impl",
]

[[package]]
name = "thiserror-impl"
version = "2.0.20"
source = "registry+https://github.com/rust-lang/crates.io-index"
checksum = "bc04cd3e1236dd4a98afca4569f2deb3f120e5422a4023be2cb683f8486292af"
dependencies = [
 "proc-macro2",
 "quote",
 "syn 3.0.6",
]

[[package]]
name = "typenum"
version = "1.20.1"
source = "registry+https://github.com/rust-lang/crates.io-index"
checksum = "b6f5e870be6c3b371b77fe0ee0bafb859fa4964b4404c27de1d380043c4dda20"

[[package]]
name = "unarray"
version = "0.1.4"
source = "registry+https://github.com/rust-lang/crates.io-index"
checksum = "eaea85b334db583fe3274d12b4cd1880032beab409c0d774be044d4480ab9a94"

[[package]]
name = "unicode-bidi"
version = "0.3.18"
source = "registry+https://github.com/rust-lang/crates.io-index"
checksum = "5c1cb5db39152898a79168971543b1cb5020dff7fe43c8dc468b0885f5e29df5"

[[package]]
name = "unicode-ident"
version = "1.0.26"
source = "registry+https://github.com/rust-lang/crates.io-index"
checksum = "d245f478577f809a851594d02313b640fb437e0bb33866753cff937863096954"

[[package]]
name = "vcpkg"
version = "0.2.15"
source = "registry+https://github.com/rust-lang/crates.io-index"
checksum = "accd4ea62f7bb7a82fe23066fb0957d48ef677f6eeb8215f372f52e48bb32426"

[[package]]
name = "version_check"
version = "0.9.5"
source = "registry+https://github.com/rust-lang/crates.io-index"
checksum = "0b928f33d975fc6ad9f86c8f283853ad26bdd5b10b7f1542aa2fa15e2289105a"

[[package]]
name = "wait-timeout"
version = "0.2.1"
source = "registry+https://github.com/rust-lang/crates.io-index"
checksum = "09ac3b126d3914f9849036f826e054cbabdc8519970b8998ddaf3b5bd3c65f11"
dependencies = [
 "libc",
]

[[package]]
name = "wasip2"
version = "1.0.4+wasi-0.2.12"
source = "registry+https://github.com/rust-lang/crates.io-index"
checksum = "b67efb37e106e55ce722a510d6b5f9c17f083e5fc79afc2badeb12cc313d9487"
dependencies = [
 "wit-bindgen",
]

[[package]]
name = "wasm-bindgen"
version = "0.2.126"
source = "registry+https://github.com/rust-lang/crates.io-index"
checksum = "4b067c0c11094aef6b7a801c1e34a26affafdf3d051dba08456b868789aaf9a4"
dependencies = [
 "cfg-if",
 "once_cell",
 "rustversion",
 "wasm-bindgen-macro",
 "wasm-bindgen-shared",
]

[[package]]
name = "wasm-bindgen-macro"
version = "0.2.126"
source = "registry+https://github.com/rust-lang/crates.io-index"
checksum = "167ce5e579f6bcf889c4f7175a8a5a585de84e8ff93976ce393efa5f2837aab1"
dependencies = [
 "quote",
 "wasm-bindgen-macro-support",
]

[[package]]
name = "wasm-bindgen-macro-support"
version = "0.2.126"
source = "registry+https://github.com/rust-lang/crates.io-index"
checksum = "f3997c7839262f4ef12cf90b818d6340c18e80f263f1a94bf157d0ec4420380e"
dependencies = [
 "bumpalo",
 "proc-macro2",
 "quote",
 "syn 2.0.119",
 "wasm-bindgen-shared",
]

[[package]]
name = "wasm-bindgen-shared"
version = "0.2.126"
source = "registry+https://github.com/rust-lang/crates.io-index"
checksum = "dc1b4cb0cc549fcf58d7dfc081778139b3d283a081644e833e84682ad71cea24"
dependencies = [
 "unicode-ident",
]

[[package]]
name = "windows-link"
version = "0.2.1"
source = "registry+https://github.com/rust-lang/crates.io-index"
checksum = "f0805222e57f7521d6a62e36fa9163bc891acd422f971defe97d64e70d0a4fe5"

[[package]]
name = "windows-sys"
version = "0.61.2"
source = "registry+https://github.com/rust-lang/crates.io-index"
checksum = "ae137229bcbd6cdf0f7b80a31df61766145077ddf49416a728b02cb3921ff3fc"
dependencies = [
 "windows-link",
]

[[package]]
name = "wit-bindgen"
version = "0.57.1"
source = "registry+https://github.com/rust-lang/crates.io-index"
checksum = "1ebf944e87a7c253233ad6766e082e3cd714b5d03812acc24c318f549614536e"

[[package]]
name = "zerocopy"
version = "0.8.57"
source = "registry+https://github.com/rust-lang/crates.io-index"
checksum = "d35102a9f36d089ccae9e4c6802bc118be4487b80aaffc0ab4e0cf5ce92d2873"
dependencies = [
 "zerocopy-derive",
]

[[package]]
name = "zerocopy-derive"
version = "0.8.57"
source = "registry+https://github.com/rust-lang/crates.io-index"
checksum = "146c01f5ab44258da43cf276c74a2763db2ff3969c9c652c3f2de07041d0b2bc"
dependencies = [
 "proc-macro2",
 "quote",
 "syn 2.0.119",
]

[[package]]
name = "zmij"
version = "1.0.23"
source = "registry+https://github.com/rust-lang/crates.io-index"
checksum = "29666d0abbfad1e3dc4dcf6144730dd3a3ab225bbbdac83319345b1b44ccfc1b"
